
Microsoft Visual Studio Solution File, Format Version 12.00
# Visual Studio Version 17
VisualStudioVersion = 17.2.32630.192
MinimumVisualStudioVersion = 10.0.40219.1
Project("{FAE04EC0-301F-11D3-BF4B-00C04F79EFBC}") = "myATM", "G-Land-Computing-ATM\myATM.csproj", "{43F421F7-E7D0-4C24-9FA6-65521C118094}"
EndProject
Global
	GlobalSection(SolutionConfigurationPlatforms) = preSolution
		Debug|Any CPU = Debug|Any CPU
		Release|Any CPU = Release|Any CPU
	EndGlobalSection
	GlobalSection(ProjectConfigurationPlatforms) = postSolution
		{43F421F7-E7D0-4C24-9FA6-65521C118094}.Debug|Any CPU.ActiveCfg = Debug|Any CPU
		{43F421F7-E7D0-4C24-9FA6-65521C118094}.Debug|Any CPU.Build.0 = Debug|Any CPU
		{43F421F7-E7D0-4C24-9FA6-65521C118094}.Release|Any CPU.ActiveCfg = Release|Any CPU
		{43F421F7-E7D0-4C24-9FA6-65521C118094}.Release|Any CPU.Build.0 = Release|Any CPU
	EndGlobalSection
	GlobalSection(SolutionProperties) = preSolution
		HideSolutionNode = FALSE
	EndGlobalSection
	GlobalSection(ExtensibilityGlobals) = postSolution
		SolutionGuid = {1EA66ACF-34DC-4228-B649-763E82A67FF9}
	EndGlobalSection
EndGlobal
